
Microsoft Visual Studio Solution File, Format Version 12.00
# Visual Studio 2013
VisualStudioVersion = 12.0.20827.3
MinimumVisualStudioVersion = 10.0.40219.1
Project("{8BC9CEB8-8B4A-11D0-8D11-00A0C91BC942}") = "FuncTest", "FuncTest\FuncTest.vcxproj", "{C532C3A1-6AFC-45F8-8C57-540D1A217926}"
EndProject
Project("{8BC9CEB8-8B4A-11D0-8D11-00A0C91BC942}") = "Hanoi", "Hanoi\Hanoi.vcxproj", "{0DA82235-096C-4921-9AF8-CF06B682F77F}"
EndProject
Project("{8BC9CEB8-8B4A-11D0-8D11-00A0C91BC942}") = "BigInt", "BigInt\BigInt.vcxproj", "{627D590B-F368-47D3-AFB6-96F2D3BEF794}"
EndProject
Project("{8BC9CEB8-8B4A-11D0-8D11-00A0C91BC942}") = "LongestCommonSubsequence", "LongestCommonSubsequence\LongestCommonSubsequence.vcxproj", "{0DE959C0-BEE6-467E-87A4-CE6B6A63BD19}"
EndProject
Project("{8BC9CEB8-8B4A-11D0-8D11-00A0C91BC942}") = "LongestIncreasingSubsequence", "LongestIncreasingSubsequence\LongestIncreasingSubsequence.vcxproj", "{1BB0617D-D1D8-4843-90B4-D8A1548A96A6}"
EndProject
Project("{8BC9CEB8-8B4A-11D0-8D11-00A0C91BC942}") = "Permutation", "Permutation\Permutation.vcxproj", "{EE70224E-C33C-4AFC-89EF-90AB96FEFF0C}"
EndProject
Project("{8BC9CEB8-8B4A-11D0-8D11-00A0C91BC942}") = "ReverseString", "ReverseString\ReverseString.vcxproj", "{CF1DEBC1-44DF-4073-AB53-19B8C4F8FF6E}"
EndProject
Project("{8BC9CEB8-8B4A-11D0-8D11-00A0C91BC942}") = "Sort", "Sort\Sort.vcxproj", "{BC301654-F7D7-4A38-9BEC-D7990041A666}"
EndProject
Project("{8BC9CEB8-8B4A-11D0-8D11-00A0C91BC942}") = "Str2Int", "Str2Int\Str2Int.vcxproj", "{5787B477-5C24-443B-A6E4-FD094C602596}"
EndProject
Project("{8BC9CEB8-8B4A-11D0-8D11-00A0C91BC942}") = "CountOf1Between1ToN", "CountOf1Between1ToN\CountOf1Between1ToN.vcxproj", "{BC68BEFB-0698-489B-8AF6-DB26FF67C767}"
EndProject
Project("{8BC9CEB8-8B4A-11D0-8D11-00A0C91BC942}") = "Combination", "Combination\Combination.vcxproj", "{91E7D100-0446-4701-A491-1F812E040A70}"
EndProject
Project("{8BC9CEB8-8B4A-11D0-8D11-00A0C91BC942}") = "FriendCircle", "FriendCircle\FriendCircle.vcxproj", "{2023E96C-64BF-479E-A9EA-E87EA75397EB}"
EndProject
Project("{8BC9CEB8-8B4A-11D0-8D11-00A0C91BC942}") = "Heap", "Heap\Heap.vcxproj", "{CA2EADC4-59C2-47AF-97FD-3831D247D005}"
EndProject
Project("{8BC9CEB8-8B4A-11D0-8D11-00A0C91BC942}") = "SumItUp", "SumItUp\SumItUp.vcxproj", "{6281C102-6636-46ED-8FFE-857D5133C9D4}"
EndProject
Project("{8BC9CEB8-8B4A-11D0-8D11-00A0C91BC942}") = "DivideTwoIntegers", "DivideTwoIntegers\DivideTwoIntegers.vcxproj", "{9C546A17-A34B-41A4-BF8F-E1E063381521}"
EndProject
Project("{8BC9CEB8-8B4A-11D0-8D11-00A0C91BC942}") = "StringReorderDistanceApart", "StringReorderDistanceApart\StringReorderDistanceApart.vcxproj", "{C4B3ECCD-9D3E-4636-BDF1-C21DC8C0C325}"
EndProject
Project("{8BC9CEB8-8B4A-11D0-8D11-00A0C91BC942}") = "ParsePath", "ParsePath\ParsePath.vcxproj", "{62E2F5D1-E694-4220-954D-9633E7DEAE60}"
EndProject
Project("{8BC9CEB8-8B4A-11D0-8D11-00A0C91BC942}") = "3Sum", "3Sum\3Sum.vcxproj", "{7179A8DA-D468-4F37-ABDD-0251ADBC8DAD}"
EndProject
Project("{8BC9CEB8-8B4A-11D0-8D11-00A0C91BC942}") = "AboutSizeOf", "AboutSizeOf\AboutSizeOf.vcxproj", "{D2A86A85-E317-4FC8-BECB-7404A23F3E33}"
EndProject
Project("{8BC9CEB8-8B4A-11D0-8D11-00A0C91BC942}") = "BinarySearch", "BinarySearch\BinarySearch.vcxproj", "{72E343B2-6B85-4AC7-9A13-316EE79B67CA}"
EndProject
Project("{8BC9CEB8-8B4A-11D0-8D11-00A0C91BC942}") = "SegTree", "SegTree\SegTree.vcxproj", "{E9AC438E-B15D-40A1-93EE-DB5D82C4EBE5}"
EndProject
Global
	GlobalSection(SolutionConfigurationPlatforms) = preSolution
		Debug|Win32 = Debug|Win32
		Release|Win32 = Release|Win32
	EndGlobalSection
	GlobalSection(ProjectConfigurationPlatforms) = postSolution
		{C532C3A1-6AFC-45F8-8C57-540D1A217926}.Debug|Win32.ActiveCfg = Debug|Win32
		{C532C3A1-6AFC-45F8-8C57-540D1A217926}.Debug|Win32.Build.0 = Debug|Win32
		{C532C3A1-6AFC-45F8-8C57-540D1A217926}.Release|Win32.ActiveCfg = Release|Win32
		{C532C3A1-6AFC-45F8-8C57-540D1A217926}.Release|Win32.Build.0 = Release|Win32
		{0DA82235-096C-4921-9AF8-CF06B682F77F}.Debug|Win32.ActiveCfg = Debug|Win32
		{0DA82235-096C-4921-9AF8-CF06B682F77F}.Debug|Win32.Build.0 = Debug|Win32
		{0DA82235-096C-4921-9AF8-CF06B682F77F}.Release|Win32.ActiveCfg = Release|Win32
		{0DA82235-096C-4921-9AF8-CF06B682F77F}.Release|Win32.Build.0 = Release|Win32
		{627D590B-F368-47D3-AFB6-96F2D3BEF794}.Debug|Win32.ActiveCfg = Debug|Win32
		{627D590B-F368-47D3-AFB6-96F2D3BEF794}.Debug|Win32.Build.0 = Debug|Win32
		{627D590B-F368-47D3-AFB6-96F2D3BEF794}.Release|Win32.ActiveCfg = Release|Win32
		{627D590B-F368-47D3-AFB6-96F2D3BEF794}.Release|Win32.Build.0 = Release|Win32
		{0DE959C0-BEE6-467E-87A4-CE6B6A63BD19}.Debug|Win32.ActiveCfg = Debug|Win32
		{0DE959C0-BEE6-467E-87A4-CE6B6A63BD19}.Debug|Win32.Build.0 = Debug|Win32
		{0DE959C0-BEE6-467E-87A4-CE6B6A63BD19}.Release|Win32.ActiveCfg = Release|Win32
		{0DE959C0-BEE6-467E-87A4-CE6B6A63BD19}.Release|Win32.Build.0 = Release|Win32
		{1BB0617D-D1D8-4843-90B4-D8A1548A96A6}.Debug|Win32.ActiveCfg = Debug|Win32
		{1BB0617D-D1D8-4843-90B4-D8A1548A96A6}.Debug|Win32.Build.0 = Debug|Win32
		{1BB0617D-D1D8-4843-90B4-D8A1548A96A6}.Release|Win32.ActiveCfg = Release|Win32
		{1BB0617D-D1D8-4843-90B4-D8A1548A96A6}.Release|Win32.Build.0 = Release|Win32
		{EE70224E-C33C-4AFC-89EF-90AB96FEFF0C}.Debug|Win32.ActiveCfg = Debug|Win32
		{EE70224E-C33C-4AFC-89EF-90AB96FEFF0C}.Debug|Win32.Build.0 = Debug|Win32
		{EE70224E-C33C-4AFC-89EF-90AB96FEFF0C}.Release|Win32.ActiveCfg = Release|Win32
		{EE70224E-C33C-4AFC-89EF-90AB96FEFF0C}.Release|Win32.Build.0 = Release|Win32
		{CF1DEBC1-44DF-4073-AB53-19B8C4F8FF6E}.Debug|Win32.ActiveCfg = Debug|Win32
		{CF1DEBC1-44DF-4073-AB53-19B8C4F8FF6E}.Debug|Win32.Build.0 = Debug|Win32
		{CF1DEBC1-44DF-4073-AB53-19B8C4F8FF6E}.Release|Win32.ActiveCfg = Release|Win32
		{CF1DEBC1-44DF-4073-AB53-19B8C4F8FF6E}.Release|Win32.Build.0 = Release|Win32
		{BC301654-F7D7-4A38-9BEC-D7990041A666}.Debug|Win32.ActiveCfg = Debug|Win32
		{BC301654-F7D7-4A38-9BEC-D7990041A666}.Debug|Win32.Build.0 = Debug|Win32
		{BC301654-F7D7-4A38-9BEC-D7990041A666}.Release|Win32.ActiveCfg = Release|Win32
		{BC301654-F7D7-4A38-9BEC-D7990041A666}.Release|Win32.Build.0 = Release|Win32
		{5787B477-5C24-443B-A6E4-FD094C602596}.Debug|Win32.ActiveCfg = Debug|Win32
		{5787B477-5C24-443B-A6E4-FD094C602596}.Debug|Win32.Build.0 = Debug|Win32
		{5787B477-5C24-443B-A6E4-FD094C602596}.Release|Win32.ActiveCfg = Release|Win32
		{5787B477-5C24-443B-A6E4-FD094C602596}.Release|Win32.Build.0 = Release|Win32
		{BC68BEFB-0698-489B-8AF6-DB26FF67C767}.Debug|Win32.ActiveCfg = Debug|Win32
		{BC68BEFB-0698-489B-8AF6-DB26FF67C767}.Debug|Win32.Build.0 = Debug|Win32
		{BC68BEFB-0698-489B-8AF6-DB26FF67C767}.Release|Win32.ActiveCfg = Release|Win32
		{BC68BEFB-0698-489B-8AF6-DB26FF67C767}.Release|Win32.Build.0 = Release|Win32
		{91E7D100-0446-4701-A491-1F812E040A70}.Debug|Win32.ActiveCfg = Debug|Win32
		{91E7D100-0446-4701-A491-1F812E040A70}.Debug|Win32.Build.0 = Debug|Win32
		{91E7D100-0446-4701-A491-1F812E040A70}.Release|Win32.ActiveCfg = Release|Win32
		{91E7D100-0446-4701-A491-1F812E040A70}.Release|Win32.Build.0 = Release|Win32
		{2023E96C-64BF-479E-A9EA-E87EA75397EB}.Debug|Win32.ActiveCfg = Debug|Win32
		{2023E96C-64BF-479E-A9EA-E87EA75397EB}.Debug|Win32.Build.0 = Debug|Win32
		{2023E96C-64BF-479E-A9EA-E87EA75397EB}.Release|Win32.ActiveCfg = Release|Win32
		{2023E96C-64BF-479E-A9EA-E87EA75397EB}.Release|Win32.Build.0 = Release|Win32
		{CA2EADC4-59C2-47AF-97FD-3831D247D005}.Debug|Win32.ActiveCfg = Debug|Win32
		{CA2EADC4-59C2-47AF-97FD-3831D247D005}.Debug|Win32.Build.0 = Debug|Win32
		{CA2EADC4-59C2-47AF-97FD-3831D247D005}.Release|Win32.ActiveCfg = Release|Win32
		{CA2EADC4-59C2-47AF-97FD-3831D247D005}.Release|Win32.Build.0 = Release|Win32
		{6281C102-6636-46ED-8FFE-857D5133C9D4}.Debug|Win32.ActiveCfg = Debug|Win32
		{6281C102-6636-46ED-8FFE-857D5133C9D4}.Debug|Win32.Build.0 = Debug|Win32
		{6281C102-6636-46ED-8FFE-857D5133C9D4}.Release|Win32.ActiveCfg = Release|Win32
		{6281C102-6636-46ED-8FFE-857D5133C9D4}.Release|Win32.Build.0 = Release|Win32
		{9C546A17-A34B-41A4-BF8F-E1E063381521}.Debug|Win32.ActiveCfg = Debug|Win32
		{9C546A17-A34B-41A4-BF8F-E1E063381521}.Debug|Win32.Build.0 = Debug|Win32
		{9C546A17-A34B-41A4-BF8F-E1E063381521}.Release|Win32.ActiveCfg = Release|Win32
		{9C546A17-A34B-41A4-BF8F-E1E063381521}.Release|Win32.Build.0 = Release|Win32
		{C4B3ECCD-9D3E-4636-BDF1-C21DC8C0C325}.Debug|Win32.ActiveCfg = Debug|Win32
		{C4B3ECCD-9D3E-4636-BDF1-C21DC8C0C325}.Debug|Win32.Build.0 = Debug|Win32
		{C4B3ECCD-9D3E-4636-BDF1-C21DC8C0C325}.Release|Win32.ActiveCfg = Release|Win32
		{C4B3ECCD-9D3E-4636-BDF1-C21DC8C0C325}.Release|Win32.Build.0 = Release|Win32
		{62E2F5D1-E694-4220-954D-9633E7DEAE60}.Debug|Win32.ActiveCfg = Debug|Win32
		{62E2F5D1-E694-4220-954D-9633E7DEAE60}.Debug|Win32.Build.0 = Debug|Win32
		{62E2F5D1-E694-4220-954D-9633E7DEAE60}.Release|Win32.ActiveCfg = Release|Win32
		{62E2F5D1-E694-4220-954D-9633E7DEAE60}.Release|Win32.Build.0 = Release|Win32
		{7179A8DA-D468-4F37-ABDD-0251ADBC8DAD}.Debug|Win32.ActiveCfg = Debug|Win32
		{7179A8DA-D468-4F37-ABDD-0251ADBC8DAD}.Debug|Win32.Build.0 = Debug|Win32
		{7179A8DA-D468-4F37-ABDD-0251ADBC8DAD}.Release|Win32.ActiveCfg = Release|Win32
		{7179A8DA-D468-4F37-ABDD-0251ADBC8DAD}.Release|Win32.Build.0 = Release|Win32
		{D2A86A85-E317-4FC8-BECB-7404A23F3E33}.Debug|Win32.ActiveCfg = Debug|Win32
		{D2A86A85-E317-4FC8-BECB-7404A23F3E33}.Debug|Win32.Build.0 = Debug|Win32
		{D2A86A85-E317-4FC8-BECB-7404A23F3E33}.Release|Win32.ActiveCfg = Release|Win32
		{D2A86A85-E317-4FC8-BECB-7404A23F3E33}.Release|Win32.Build.0 = Release|Win32
		{72E343B2-6B85-4AC7-9A13-316EE79B67CA}.Debug|Win32.ActiveCfg = Debug|Win32
		{72E343B2-6B85-4AC7-9A13-316EE79B67CA}.Debug|Win32.Build.0 = Debug|Win32
		{72E343B2-6B85-4AC7-9A13-316EE79B67CA}.Release|Win32.ActiveCfg = Release|Win32
		{72E343B2-6B85-4AC7-9A13-316EE79B67CA}.Release|Win32.Build.0 = Release|Win32
		{E9AC438E-B15D-40A1-93EE-DB5D82C4EBE5}.Debug|Win32.ActiveCfg = Debug|Win32
		{E9AC438E-B15D-40A1-93EE-DB5D82C4EBE5}.Debug|Win32.Build.0 = Debug|Win32
		{E9AC438E-B15D-40A1-93EE-DB5D82C4EBE5}.Release|Win32.ActiveCfg = Release|Win32
		{E9AC438E-B15D-40A1-93EE-DB5D82C4EBE5}.Release|Win32.Build.0 = Release|Win32
	EndGlobalSection
	GlobalSection(SolutionProperties) = preSolution
		HideSolutionNode = FALSE
	EndGlobalSection
EndGlobal
